
Microsoft Visual Studio Solution File, Format Version 12.00
# Visual Studio Version 16
VisualStudioVersion = 16.0.31005.135
MinimumVisualStudioVersion = 10.0.40219.1
Project("{9A19103F-16F7-4668-BE54-9A1E7A4F7556}") = "MicroSungero.Kernel.Domain", "Kernel\Domain\MicroSungero.Kernel.Domain\MicroSungero.Kernel.Domain.csproj", "{ED74353F-9A5E-480A-85D2-5AFFE4D1ADDB}"
EndProject
Project("{9A19103F-16F7-4668-BE54-9A1E7A4F7556}") = "MicroSungero.Kernel.API.Services", "Kernel\API\MicroSungero.Kernel.API.Services\MicroSungero.Kernel.API.Services.csproj", "{AA850190-E6F1-4781-9F40-A00860477555}"
EndProject
Project("{9A19103F-16F7-4668-BE54-9A1E7A4F7556}") = "MicroSungero.Kernel.API", "Kernel\API\MicroSungero.Kernel.API\MicroSungero.Kernel.API.csproj", "{5894F154-1C3C-4DAF-AFE8-BDE376EA83B5}"
EndProject
Project("{9A19103F-16F7-4668-BE54-9A1E7A4F7556}") = "MicroSungero.Kernel.Module", "Kernel\Module\MicroSungero.Kernel.Module\MicroSungero.Kernel.Module.csproj", "{2F37AAA9-C0DE-448A-9685-6E42798BD3AA}"
EndProject
Project("{2150E333-8FDC-42A3-9474-1A3956D46DE8}") = "Kernel", "Kernel", "{49431BB1-436D-4244-B87B-86942FA9C690}"
EndProject
Project("{2150E333-8FDC-42A3-9474-1A3956D46DE8}") = "Common", "Common", "{11CE7CDF-FB53-4E67-8449-BA41AE2A5892}"
EndProject
Project("{9A19103F-16F7-4668-BE54-9A1E7A4F7556}") = "MicroSungero.Common.Utils", "Common\MicroSungero.Common.Utils\MicroSungero.Common.Utils.csproj", "{D55DFE17-F005-4F3D-87E6-B1F2EA145599}"
EndProject
Project("{2150E333-8FDC-42A3-9474-1A3956D46DE8}") = "API", "API", "{63FF9B56-151A-4D07-9582-5ADC53CBEF73}"
EndProject
Project("{2150E333-8FDC-42A3-9474-1A3956D46DE8}") = "Domain", "Domain", "{70DAE183-DDF7-41FF-A04A-934D666E82EB}"
EndProject
Project("{2150E333-8FDC-42A3-9474-1A3956D46DE8}") = "Module", "Module", "{4675EF77-9743-4CB2-A91D-2721BFF65896}"
EndProject
Project("{9A19103F-16F7-4668-BE54-9A1E7A4F7556}") = "MicroSungero.Kernel.Domain.Services", "Kernel\Domain\MicroSungero.Kernel.Domain.Services\MicroSungero.Kernel.Domain.Services.csproj", "{1F1FC3D0-6199-473C-81F7-D2A17C9DA058}"
EndProject
Project("{9A19103F-16F7-4668-BE54-9A1E7A4F7556}") = "MicroSungero.Kernel.Domain.Abstractions", "Kernel\Domain\MicroSungero.Kernel.Domain.Abstractions\MicroSungero.Kernel.Domain.Abstractions.csproj", "{38061F8D-5E4A-464C-810D-A61B669A12C0}"
EndProject
Project("{9A19103F-16F7-4668-BE54-9A1E7A4F7556}") = "MicroSungero.Kernel.API.Behaviors", "Kernel\API\MicroSungero.Kernel.API.Behaviors\MicroSungero.Kernel.API.Behaviors.csproj", "{3FA6E65C-78D3-4C4C-A0B6-27C7D6E17756}"
EndProject
Project("{2150E333-8FDC-42A3-9474-1A3956D46DE8}") = "Data", "Data", "{23642B4F-A9E4-4F09-99B5-B71335BAAC53}"
EndProject
Project("{9A19103F-16F7-4668-BE54-9A1E7A4F7556}") = "MicroSungero.Data", "Kernel\Data\MicroSungero.Data\MicroSungero.Data.csproj", "{9782790F-D581-4975-83F9-61EC1EE83983}"
EndProject
Project("{9A19103F-16F7-4668-BE54-9A1E7A4F7556}") = "MicroSungero.Data.Abstractions", "Kernel\Data\MicroSungero.Data.Abstractions\MicroSungero.Data.Abstractions.csproj", "{00397558-63A6-4AB3-87D8-2E4FB34FCEE1}"
EndProject
Project("{9A19103F-16F7-4668-BE54-9A1E7A4F7556}") = "MicroSungero.Kernel.Domain.Exceptions", "Kernel\Domain\MicroSungero.Kernel.Domain.Exceptions\MicroSungero.Kernel.Domain.Exceptions.csproj", "{08F9FCFB-3948-49E3-93B6-593F9C6AC817}"
EndProject
Project("{9A19103F-16F7-4668-BE54-9A1E7A4F7556}") = "MicroSungero.Kernel.Domain.Entities", "Kernel\Domain\MicroSungero.Kernel.Domain.Entities\MicroSungero.Kernel.Domain.Entities.csproj", "{44E6D8ED-7C2E-4685-A4B2-F99CFE6B2A51}"
EndProject
Project("{9A19103F-16F7-4668-BE54-9A1E7A4F7556}") = "MicroSungero.Data.EntityFramework", "Kernel\Data\MicroSungero.Data.EntityFramework\MicroSungero.Data.EntityFramework.csproj", "{42CD6105-1AB3-41D5-AC82-AFA8219891CA}"
EndProject
Project("{9A19103F-16F7-4668-BE54-9A1E7A4F7556}") = "MicroSungero.WebAPI", "MicroSungero.WebAPI\MicroSungero.WebAPI.csproj", "{B0AA101D-2C8C-45F3-931D-BBFD2F7F1F57}"
EndProject
Global
	GlobalSection(SolutionConfigurationPlatforms) = preSolution
		Debug|Any CPU = Debug|Any CPU
		Release|Any CPU = Release|Any CPU
	EndGlobalSection
	GlobalSection(ProjectConfigurationPlatforms) = postSolution
		{ED74353F-9A5E-480A-85D2-5AFFE4D1ADDB}.Debug|Any CPU.ActiveCfg = Debug|Any CPU
		{ED74353F-9A5E-480A-85D2-5AFFE4D1ADDB}.Debug|Any CPU.Build.0 = Debug|Any CPU
		{ED74353F-9A5E-480A-85D2-5AFFE4D1ADDB}.Release|Any CPU.ActiveCfg = Release|Any CPU
		{ED74353F-9A5E-480A-85D2-5AFFE4D1ADDB}.Release|Any CPU.Build.0 = Release|Any CPU
		{AA850190-E6F1-4781-9F40-A00860477555}.Debug|Any CPU.ActiveCfg = Debug|Any CPU
		{AA850190-E6F1-4781-9F40-A00860477555}.Debug|Any CPU.Build.0 = Debug|Any CPU
		{AA850190-E6F1-4781-9F40-A00860477555}.Release|Any CPU.ActiveCfg = Release|Any CPU
		{AA850190-E6F1-4781-9F40-A00860477555}.Release|Any CPU.Build.0 = Release|Any CPU
		{5894F154-1C3C-4DAF-AFE8-BDE376EA83B5}.Debug|Any CPU.ActiveCfg = Debug|Any CPU
		{5894F154-1C3C-4DAF-AFE8-BDE376EA83B5}.Debug|Any CPU.Build.0 = Debug|Any CPU
		{5894F154-1C3C-4DAF-AFE8-BDE376EA83B5}.Release|Any CPU.ActiveCfg = Release|Any CPU
		{5894F154-1C3C-4DAF-AFE8-BDE376EA83B5}.Release|Any CPU.Build.0 = Release|Any CPU
		{2F37AAA9-C0DE-448A-9685-6E42798BD3AA}.Debug|Any CPU.ActiveCfg = Debug|Any CPU
		{2F37AAA9-C0DE-448A-9685-6E42798BD3AA}.Debug|Any CPU.Build.0 = Debug|Any CPU
		{2F37AAA9-C0DE-448A-9685-6E42798BD3AA}.Release|Any CPU.ActiveCfg = Release|Any CPU
		{2F37AAA9-C0DE-448A-9685-6E42798BD3AA}.Release|Any CPU.Build.0 = Release|Any CPU
		{D55DFE17-F005-4F3D-87E6-B1F2EA145599}.Debug|Any CPU.ActiveCfg = Debug|Any CPU
		{D55DFE17-F005-4F3D-87E6-B1F2EA145599}.Debug|Any CPU.Build.0 = Debug|Any CPU
		{D55DFE17-F005-4F3D-87E6-B1F2EA145599}.Release|Any CPU.ActiveCfg = Release|Any CPU
		{D55DFE17-F005-4F3D-87E6-B1F2EA145599}.Release|Any CPU.Build.0 = Release|Any CPU
		{1F1FC3D0-6199-473C-81F7-D2A17C9DA058}.Debug|Any CPU.ActiveCfg = Debug|Any CPU
		{1F1FC3D0-6199-473C-81F7-D2A17C9DA058}.Debug|Any CPU.Build.0 = Debug|Any CPU
		{1F1FC3D0-6199-473C-81F7-D2A17C9DA058}.Release|Any CPU.ActiveCfg = Release|Any CPU
		{1F1FC3D0-6199-473C-81F7-D2A17C9DA058}.Release|Any CPU.Build.0 = Release|Any CPU
		{38061F8D-5E4A-464C-810D-A61B669A12C0}.Debug|Any CPU.ActiveCfg = Debug|Any CPU
		{38061F8D-5E4A-464C-810D-A61B669A12C0}.Debug|Any CPU.Build.0 = Debug|Any CPU
		{38061F8D-5E4A-464C-810D-A61B669A12C0}.Release|Any CPU.ActiveCfg = Release|Any CPU
		{38061F8D-5E4A-464C-810D-A61B669A12C0}.Release|Any CPU.Build.0 = Release|Any CPU
		{3FA6E65C-78D3-4C4C-A0B6-27C7D6E17756}.Debug|Any CPU.ActiveCfg = Debug|Any CPU
		{3FA6E65C-78D3-4C4C-A0B6-27C7D6E17756}.Debug|Any CPU.Build.0 = Debug|Any CPU
		{3FA6E65C-78D3-4C4C-A0B6-27C7D6E17756}.Release|Any CPU.ActiveCfg = Release|Any CPU
		{3FA6E65C-78D3-4C4C-A0B6-27C7D6E17756}.Release|Any CPU.Build.0 = Release|Any CPU
		{9782790F-D581-4975-83F9-61EC1EE83983}.Debug|Any CPU.ActiveCfg = Debug|Any CPU
		{9782790F-D581-4975-83F9-61EC1EE83983}.Debug|Any CPU.Build.0 = Debug|Any CPU
		{9782790F-D581-4975-83F9-61EC1EE83983}.Release|Any CPU.ActiveCfg = Release|Any CPU
		{9782790F-D581-4975-83F9-61EC1EE83983}.Release|Any CPU.Build.0 = Release|Any CPU
		{00397558-63A6-4AB3-87D8-2E4FB34FCEE1}.Debug|Any CPU.ActiveCfg = Debug|Any CPU
		{00397558-63A6-4AB3-87D8-2E4FB34FCEE1}.Debug|Any CPU.Build.0 = Debug|Any CPU
		{00397558-63A6-4AB3-87D8-2E4FB34FCEE1}.Release|Any CPU.ActiveCfg = Release|Any CPU
		{00397558-63A6-4AB3-87D8-2E4FB34FCEE1}.Release|Any CPU.Build.0 = Release|Any CPU
		{08F9FCFB-3948-49E3-93B6-593F9C6AC817}.Debug|Any CPU.ActiveCfg = Debug|Any CPU
		{08F9FCFB-3948-49E3-93B6-593F9C6AC817}.Debug|Any CPU.Build.0 = Debug|Any CPU
		{08F9FCFB-3948-49E3-93B6-593F9C6AC817}.Release|Any CPU.ActiveCfg = Release|Any CPU
		{08F9FCFB-3948-49E3-93B6-593F9C6AC817}.Release|Any CPU.Build.0 = Release|Any CPU
		{44E6D8ED-7C2E-4685-A4B2-F99CFE6B2A51}.Debug|Any CPU.ActiveCfg = Debug|Any CPU
		{44E6D8ED-7C2E-4685-A4B2-F99CFE6B2A51}.Debug|Any CPU.Build.0 = Debug|Any CPU
		{44E6D8ED-7C2E-4685-A4B2-F99CFE6B2A51}.Release|Any CPU.ActiveCfg = Release|Any CPU
		{44E6D8ED-7C2E-4685-A4B2-F99CFE6B2A51}.Release|Any CPU.Build.0 = Release|Any CPU
		{42CD6105-1AB3-41D5-AC82-AFA8219891CA}.Debug|Any CPU.ActiveCfg = Debug|Any CPU
		{42CD6105-1AB3-41D5-AC82-AFA8219891CA}.Debug|Any CPU.Build.0 = Debug|Any CPU
		{42CD6105-1AB3-41D5-AC82-AFA8219891CA}.Release|Any CPU.ActiveCfg = Release|Any CPU
		{42CD6105-1AB3-41D5-AC82-AFA8219891CA}.Release|Any CPU.Build.0 = Release|Any CPU
		{B0AA101D-2C8C-45F3-931D-BBFD2F7F1F57}.Debug|Any CPU.ActiveCfg = Debug|Any CPU
		{B0AA101D-2C8C-45F3-931D-BBFD2F7F1F57}.Debug|Any CPU.Build.0 = Debug|Any CPU
		{B0AA101D-2C8C-45F3-931D-BBFD2F7F1F57}.Release|Any CPU.ActiveCfg = Release|Any CPU
		{B0AA101D-2C8C-45F3-931D-BBFD2F7F1F57}.Release|Any CPU.Build.0 = Release|Any CPU
	EndGlobalSection
	GlobalSection(SolutionProperties) = preSolution
		HideSolutionNode = FALSE
	EndGlobalSection
	GlobalSection(NestedProjects) = preSolution
		{ED74353F-9A5E-480A-85D2-5AFFE4D1ADDB} = {70DAE183-DDF7-41FF-A04A-934D666E82EB}
		{AA850190-E6F1-4781-9F40-A00860477555} = {63FF9B56-151A-4D07-9582-5ADC53CBEF73}
		{5894F154-1C3C-4DAF-AFE8-BDE376EA83B5} = {63FF9B56-151A-4D07-9582-5ADC53CBEF73}
		{2F37AAA9-C0DE-448A-9685-6E42798BD3AA} = {4675EF77-9743-4CB2-A91D-2721BFF65896}
		{D55DFE17-F005-4F3D-87E6-B1F2EA145599} = {11CE7CDF-FB53-4E67-8449-BA41AE2A5892}
		{63FF9B56-151A-4D07-9582-5ADC53CBEF73} = {49431BB1-436D-4244-B87B-86942FA9C690}
		{70DAE183-DDF7-41FF-A04A-934D666E82EB} = {49431BB1-436D-4244-B87B-86942FA9C690}
		{4675EF77-9743-4CB2-A91D-2721BFF65896} = {49431BB1-436D-4244-B87B-86942FA9C690}
		{1F1FC3D0-6199-473C-81F7-D2A17C9DA058} = {70DAE183-DDF7-41FF-A04A-934D666E82EB}
		{38061F8D-5E4A-464C-810D-A61B669A12C0} = {70DAE183-DDF7-41FF-A04A-934D666E82EB}
		{3FA6E65C-78D3-4C4C-A0B6-27C7D6E17756} = {63FF9B56-151A-4D07-9582-5ADC53CBEF73}
		{23642B4F-A9E4-4F09-99B5-B71335BAAC53} = {49431BB1-436D-4244-B87B-86942FA9C690}
		{9782790F-D581-4975-83F9-61EC1EE83983} = {23642B4F-A9E4-4F09-99B5-B71335BAAC53}
		{00397558-63A6-4AB3-87D8-2E4FB34FCEE1} = {23642B4F-A9E4-4F09-99B5-B71335BAAC53}
		{08F9FCFB-3948-49E3-93B6-593F9C6AC817} = {70DAE183-DDF7-41FF-A04A-934D666E82EB}
		{44E6D8ED-7C2E-4685-A4B2-F99CFE6B2A51} = {70DAE183-DDF7-41FF-A04A-934D666E82EB}
		{42CD6105-1AB3-41D5-AC82-AFA8219891CA} = {23642B4F-A9E4-4F09-99B5-B71335BAAC53}
	EndGlobalSection
	GlobalSection(ExtensibilityGlobals) = postSolution
		SolutionGuid = {C42FBA66-2A66-4FD1-97AA-6C9FF786B984}
	EndGlobalSection
EndGlobal
