
Microsoft Visual Studio Solution File, Format Version 12.00
# Visual Studio Version 16
VisualStudioVersion = 16.0.31005.135
MinimumVisualStudioVersion = 10.0.40219.1
Project("{9A19103F-16F7-4668-BE54-9A1E7A4F7556}") = "MicroSungero.Kernel.Domain", "MicroSungero.Kernel.Domain\MicroSungero.Kernel.Domain.csproj", "{ED74353F-9A5E-480A-85D2-5AFFE4D1ADDB}"
EndProject
Project("{FAE04EC0-301F-11D3-BF4B-00C04F79EFBC}") = "MicroSungero.Kernel.Infrastructure", "MicroSungero.Kernel.Infrastructure\MicroSungero.Kernel.Infrastructure.csproj", "{AA850190-E6F1-4781-9F40-A00860477555}"
EndProject
Project("{FAE04EC0-301F-11D3-BF4B-00C04F79EFBC}") = "MicroSungero.Kernel.API", "MicroSungero.Kernel.API\MicroSungero.Kernel.API.csproj", "{5894F154-1C3C-4DAF-AFE8-BDE376EA83B5}"
EndProject
Project("{FAE04EC0-301F-11D3-BF4B-00C04F79EFBC}") = "MicroSungero.Kernel.Module", "MicroSungero.Kernel.Module\MicroSungero.Kernel.Module.csproj", "{2F37AAA9-C0DE-448A-9685-6E42798BD3AA}"
EndProject
Global
	GlobalSection(SolutionConfigurationPlatforms) = preSolution
		Debug|Any CPU = Debug|Any CPU
		Release|Any CPU = Release|Any CPU
	EndGlobalSection
	GlobalSection(ProjectConfigurationPlatforms) = postSolution
		{ED74353F-9A5E-480A-85D2-5AFFE4D1ADDB}.Debug|Any CPU.ActiveCfg = Debug|Any CPU
		{ED74353F-9A5E-480A-85D2-5AFFE4D1ADDB}.Debug|Any CPU.Build.0 = Debug|Any CPU
		{ED74353F-9A5E-480A-85D2-5AFFE4D1ADDB}.Release|Any CPU.ActiveCfg = Release|Any CPU
		{ED74353F-9A5E-480A-85D2-5AFFE4D1ADDB}.Release|Any CPU.Build.0 = Release|Any CPU
		{AA850190-E6F1-4781-9F40-A00860477555}.Debug|Any CPU.ActiveCfg = Debug|Any CPU
		{AA850190-E6F1-4781-9F40-A00860477555}.Debug|Any CPU.Build.0 = Debug|Any CPU
		{AA850190-E6F1-4781-9F40-A00860477555}.Release|Any CPU.ActiveCfg = Release|Any CPU
		{AA850190-E6F1-4781-9F40-A00860477555}.Release|Any CPU.Build.0 = Release|Any CPU
		{5894F154-1C3C-4DAF-AFE8-BDE376EA83B5}.Debug|Any CPU.ActiveCfg = Debug|Any CPU
		{5894F154-1C3C-4DAF-AFE8-BDE376EA83B5}.Debug|Any CPU.Build.0 = Debug|Any CPU
		{5894F154-1C3C-4DAF-AFE8-BDE376EA83B5}.Release|Any CPU.ActiveCfg = Release|Any CPU
		{5894F154-1C3C-4DAF-AFE8-BDE376EA83B5}.Release|Any CPU.Build.0 = Release|Any CPU
		{2F37AAA9-C0DE-448A-9685-6E42798BD3AA}.Debug|Any CPU.ActiveCfg = Debug|Any CPU
		{2F37AAA9-C0DE-448A-9685-6E42798BD3AA}.Debug|Any CPU.Build.0 = Debug|Any CPU
		{2F37AAA9-C0DE-448A-9685-6E42798BD3AA}.Release|Any CPU.ActiveCfg = Release|Any CPU
		{2F37AAA9-C0DE-448A-9685-6E42798BD3AA}.Release|Any CPU.Build.0 = Release|Any CPU
	EndGlobalSection
	GlobalSection(SolutionProperties) = preSolution
		HideSolutionNode = FALSE
	EndGlobalSection
	GlobalSection(ExtensibilityGlobals) = postSolution
		SolutionGuid = {C42FBA66-2A66-4FD1-97AA-6C9FF786B984}
	EndGlobalSection
EndGlobal
